
Microsoft Visual Studio Solution File, Format Version 11.00
# Visual Studio 2010
Project("{FAE04EC0-301F-11D3-BF4B-00C04F79EFBC}") = "ARCoreQuickStart", "Assembly-CSharp.csproj", "{D62BC443-2303-427A-1E7B-586CE0CF32A6}"
EndProject
Project("{FAE04EC0-301F-11D3-BF4B-00C04F79EFBC}") = "ARCoreQuickStart", "Assembly-CSharp-Editor.csproj", "{EE4AFC7D-05B6-E37D-DC25-4BC21424544E}"
EndProject
Global
	GlobalSection(SolutionConfigurationPlatforms) = preSolution
		Debug|Any CPU = Debug|Any CPU
		Release|Any CPU = Release|Any CPU
	EndGlobalSection
	GlobalSection(ProjectConfigurationPlatforms) = postSolution
		{D62BC443-2303-427A-1E7B-586CE0CF32A6}.Debug|Any CPU.ActiveCfg = Debug|Any CPU
		{D62BC443-2303-427A-1E7B-586CE0CF32A6}.Debug|Any CPU.Build.0 = Debug|Any CPU
		{D62BC443-2303-427A-1E7B-586CE0CF32A6}.Release|Any CPU.ActiveCfg = Release|Any CPU
		{D62BC443-2303-427A-1E7B-586CE0CF32A6}.Release|Any CPU.Build.0 = Release|Any CPU
		{EE4AFC7D-05B6-E37D-DC25-4BC21424544E}.Debug|Any CPU.ActiveCfg = Debug|Any CPU
		{EE4AFC7D-05B6-E37D-DC25-4BC21424544E}.Debug|Any CPU.Build.0 = Debug|Any CPU
		{EE4AFC7D-05B6-E37D-DC25-4BC21424544E}.Release|Any CPU.ActiveCfg = Release|Any CPU
		{EE4AFC7D-05B6-E37D-DC25-4BC21424544E}.Release|Any CPU.Build.0 = Release|Any CPU
	EndGlobalSection
	GlobalSection(SolutionProperties) = preSolution
		HideSolutionNode = FALSE
	EndGlobalSection
	GlobalSection(MonoDevelopProperties) = preSolution
		StartupItem = Assembly-CSharp.csproj
	EndGlobalSection
EndGlobal
